// !$*UTF8*$!
{
	archiveVersion = 1;
	classes = {
	};
	objectVersion = 50;
	objects = {

/* Begin PBXBuildFile section */
		15497D06254D5E980069DB98 /* AgasaApp.swift in Sources */ = {isa = PBXBuildFile; fileRef = 15497D05254D5E980069DB98 /* AgasaApp.swift */; };
		15497D08254D5E980069DB98 /* ContentView.swift in Sources */ = {isa = PBXBuildFile; fileRef = 15497D07254D5E980069DB98 /* ContentView.swift */; };
		15497D0A254D5E990069DB98 /* Assets.xcassets in Resources */ = {isa = PBXBuildFile; fileRef = 15497D09254D5E990069DB98 /* Assets.xcassets */; };
		15497D0D254D5E990069DB98 /* Preview Assets.xcassets in Resources */ = {isa = PBXBuildFile; fileRef = 15497D0C254D5E990069DB98 /* Preview Assets.xcassets */; };
		15497D18254D5E990069DB98 /* AgasaTests.swift in Sources */ = {isa = PBXBuildFile; fileRef = 15497D17254D5E990069DB98 /* AgasaTests.swift */; };
		15497D23254D5E990069DB98 /* AgasaUITests.swift in Sources */ = {isa = PBXBuildFile; fileRef = 15497D22254D5E990069DB98 /* AgasaUITests.swift */; };
		15553BB9254D6012000BE642 /* MapView.swift in Sources */ = {isa = PBXBuildFile; fileRef = 15553BB8254D6012000BE642 /* MapView.swift */; };
		2507CDA6028D1E1966F2ED0D /* Pods_AgasaTests.framework in Frameworks */ = {isa = PBXBuildFile; fileRef = 69B58FF8BF58EFD88DAE7A66 /* Pods_AgasaTests.framework */; };
		73BE2F31276CD9AA46A1DBC4 /* Pods_Agasa_AgasaUITests.framework in Frameworks */ = {isa = PBXBuildFile; fileRef = 9E362AECBBF204EBE7E8B795 /* Pods_Agasa_AgasaUITests.framework */; };
		ED65BB83A14ECB88FA3C068C /* Pods_Agasa.framework in Frameworks */ = {isa = PBXBuildFile; fileRef = 8FF2C7D06B4048941B2AD7CE /* Pods_Agasa.framework */; };
/* End PBXBuildFile section */

/* Begin PBXContainerItemProxy section */
		15497D14254D5E990069DB98 /* PBXContainerItemProxy */ = {
			isa = PBXContainerItemProxy;
			containerPortal = 15497CFA254D5E980069DB98 /* Project object */;
			proxyType = 1;
			remoteGlobalIDString = 15497D01254D5E980069DB98;
			remoteInfo = Agasa;
		};
		15497D1F254D5E990069DB98 /* PBXContainerItemProxy */ = {
			isa = PBXContainerItemProxy;
			containerPortal = 15497CFA254D5E980069DB98 /* Project object */;
			proxyType = 1;
			remoteGlobalIDString = 15497D01254D5E980069DB98;
			remoteInfo = Agasa;
		};
/* End PBXContainerItemProxy section */

/* Begin PBXFileReference section */
		113DA882F6418966C00F2F5A /* Pods-AgasaTests.release.xcconfig */ = {isa = PBXFileReference; includeInIndex = 1; lastKnownFileType = text.xcconfig; name = "Pods-AgasaTests.release.xcconfig"; path = "Target Support Files/Pods-AgasaTests/Pods-AgasaTests.release.xcconfig"; sourceTree = "<group>"; };
		1364AA97385082A0391702AF /* Pods-Agasa.debug.xcconfig */ = {isa = PBXFileReference; includeInIndex = 1; lastKnownFileType = text.xcconfig; name = "Pods-Agasa.debug.xcconfig"; path = "Target Support Files/Pods-Agasa/Pods-Agasa.debug.xcconfig"; sourceTree = "<group>"; };
		15497D02254D5E980069DB98 /* Agasa.app */ = {isa = PBXFileReference; explicitFileType = wrapper.application; includeInIndex = 0; path = Agasa.app; sourceTree = BUILT_PRODUCTS_DIR; };
		15497D05254D5E980069DB98 /* AgasaApp.swift */ = {isa = PBXFileReference; lastKnownFileType = sourcecode.swift; path = AgasaApp.swift; sourceTree = "<group>"; };
		15497D07254D5E980069DB98 /* ContentView.swift */ = {isa = PBXFileReference; lastKnownFileType = sourcecode.swift; path = ContentView.swift; sourceTree = "<group>"; };
		15497D09254D5E990069DB98 /* Assets.xcassets */ = {isa = PBXFileReference; lastKnownFileType = folder.assetcatalog; path = Assets.xcassets; sourceTree = "<group>"; };
		15497D0C254D5E990069DB98 /* Preview Assets.xcassets */ = {isa = PBXFileReference; lastKnownFileType = folder.assetcatalog; path = "Preview Assets.xcassets"; sourceTree = "<group>"; };
		15497D0E254D5E990069DB98 /* Info.plist */ = {isa = PBXFileReference; lastKnownFileType = text.plist.xml; path = Info.plist; sourceTree = "<group>"; };
		15497D13254D5E990069DB98 /* AgasaTests.xctest */ = {isa = PBXFileReference; explicitFileType = wrapper.cfbundle; includeInIndex = 0; path = AgasaTests.xctest; sourceTree = BUILT_PRODUCTS_DIR; };
		15497D17254D5E990069DB98 /* AgasaTests.swift */ = {isa = PBXFileReference; lastKnownFileType = sourcecode.swift; path = AgasaTests.swift; sourceTree = "<group>"; };
		15497D19254D5E990069DB98 /* Info.plist */ = {isa = PBXFileReference; lastKnownFileType = text.plist.xml; path = Info.plist; sourceTree = "<group>"; };
		15497D1E254D5E990069DB98 /* AgasaUITests.xctest */ = {isa = PBXFileReference; explicitFileType = wrapper.cfbundle; includeInIndex = 0; path = AgasaUITests.xctest; sourceTree = BUILT_PRODUCTS_DIR; };
		15497D22254D5E990069DB98 /* AgasaUITests.swift */ = {isa = PBXFileReference; lastKnownFileType = sourcecode.swift; path = AgasaUITests.swift; sourceTree = "<group>"; };
		15497D24254D5E990069DB98 /* Info.plist */ = {isa = PBXFileReference; lastKnownFileType = text.plist.xml; path = Info.plist; sourceTree = "<group>"; };
		15553BB8254D6012000BE642 /* MapView.swift */ = {isa = PBXFileReference; fileEncoding = 4; lastKnownFileType = sourcecode.swift; path = MapView.swift; sourceTree = "<group>"; };
		16FE595A5E36DD3C395F47A0 /* Pods-Agasa.release.xcconfig */ = {isa = PBXFileReference; includeInIndex = 1; lastKnownFileType = text.xcconfig; name = "Pods-Agasa.release.xcconfig"; path = "Target Support Files/Pods-Agasa/Pods-Agasa.release.xcconfig"; sourceTree = "<group>"; };
		4DDB110DD46FACA18F1B85C3 /* Pods-Agasa-AgasaUITests.release.xcconfig */ = {isa = PBXFileReference; includeInIndex = 1; lastKnownFileType = text.xcconfig; name = "Pods-Agasa-AgasaUITests.release.xcconfig"; path = "Target Support Files/Pods-Agasa-AgasaUITests/Pods-Agasa-AgasaUITests.release.xcconfig"; sourceTree = "<group>"; };
		69B58FF8BF58EFD88DAE7A66 /* Pods_AgasaTests.framework */ = {isa = PBXFileReference; explicitFileType = wrapper.framework; includeInIndex = 0; path = Pods_AgasaTests.framework; sourceTree = BUILT_PRODUCTS_DIR; };
		8FF2C7D06B4048941B2AD7CE /* Pods_Agasa.framework */ = {isa = PBXFileReference; explicitFileType = wrapper.framework; includeInIndex = 0; path = Pods_Agasa.framework; sourceTree = BUILT_PRODUCTS_DIR; };
		9BD9C7A8BAB1A7E67DBE744E /* Pods-Agasa-AgasaUITests.debug.xcconfig */ = {isa = PBXFileReference; includeInIndex = 1; lastKnownFileType = text.xcconfig; name = "Pods-Agasa-AgasaUITests.debug.xcconfig"; path = "Target Support Files/Pods-Agasa-AgasaUITests/Pods-Agasa-AgasaUITests.debug.xcconfig"; sourceTree = "<group>"; };
		9E362AECBBF204EBE7E8B795 /* Pods_Agasa_AgasaUITests.framework */ = {isa = PBXFileReference; explicitFileType = wrapper.framework; includeInIndex = 0; path = Pods_Agasa_AgasaUITests.framework; sourceTree = BUILT_PRODUCTS_DIR; };
		B6EC77F96D069FCBC0CE20CA /* Pods-AgasaTests.debug.xcconfig */ = {isa = PBXFileReference; includeInIndex = 1; lastKnownFileType = text.xcconfig; name = "Pods-AgasaTests.debug.xcconfig"; path = "Target Support Files/Pods-AgasaTests/Pods-AgasaTests.debug.xcconfig"; sourceTree = "<group>"; };
/* End PBXFileReference section */

/* Begin PBXFrameworksBuildPhase section */
		15497CFF254D5E980069DB98 /* Frameworks */ = {
			isa = PBXFrameworksBuildPhase;
			buildActionMask = 2147483647;
			files = (
				ED65BB83A14ECB88FA3C068C /* Pods_Agasa.framework in Frameworks */,
			);
			runOnlyForDeploymentPostprocessing = 0;
		};
		15497D10254D5E990069DB98 /* Frameworks */ = {
			isa = PBXFrameworksBuildPhase;
			buildActionMask = 2147483647;
			files = (
				2507CDA6028D1E1966F2ED0D /* Pods_AgasaTests.framework in Frameworks */,
			);
			runOnlyForDeploymentPostprocessing = 0;
		};
		15497D1B254D5E990069DB98 /* Frameworks */ = {
			isa = PBXFrameworksBuildPhase;
			buildActionMask = 2147483647;
			files = (
				73BE2F31276CD9AA46A1DBC4 /* Pods_Agasa_AgasaUITests.framework in Frameworks */,
			);
			runOnlyForDeploymentPostprocessing = 0;
		};
/* End PBXFrameworksBuildPhase section */

/* Begin PBXGroup section */
		15497CF9254D5E980069DB98 = {
			isa = PBXGroup;
			children = (
				15497D04254D5E980069DB98 /* Agasa */,
				15497D16254D5E990069DB98 /* AgasaTests */,
				15497D21254D5E990069DB98 /* AgasaUITests */,
				15497D03254D5E980069DB98 /* Products */,
				15AED642AD039AE07773ADC3 /* Pods */,
				C339A244ECA3D00149673BA0 /* Frameworks */,
			);
			sourceTree = "<group>";
		};
		15497D03254D5E980069DB98 /* Products */ = {
			isa = PBXGroup;
			children = (
				15497D02254D5E980069DB98 /* Agasa.app */,
				15497D13254D5E990069DB98 /* AgasaTests.xctest */,
				15497D1E254D5E990069DB98 /* AgasaUITests.xctest */,
			);
			name = Products;
			sourceTree = "<group>";
		};
		15497D04254D5E980069DB98 /* Agasa */ = {
			isa = PBXGroup;
			children = (
				15497D05254D5E980069DB98 /* AgasaApp.swift */,
				15497D07254D5E980069DB98 /* ContentView.swift */,
				15553BB8254D6012000BE642 /* MapView.swift */,
				15497D09254D5E990069DB98 /* Assets.xcassets */,
				15497D0E254D5E990069DB98 /* Info.plist */,
				15497D0B254D5E990069DB98 /* Preview Content */,
			);
			path = Agasa;
			sourceTree = "<group>";
		};
		15497D0B254D5E990069DB98 /* Preview Content */ = {
			isa = PBXGroup;
			children = (
				15497D0C254D5E990069DB98 /* Preview Assets.xcassets */,
			);
			path = "Preview Content";
			sourceTree = "<group>";
		};
		15497D16254D5E990069DB98 /* AgasaTests */ = {
			isa = PBXGroup;
			children = (
				15497D17254D5E990069DB98 /* AgasaTests.swift */,
				15497D19254D5E990069DB98 /* Info.plist */,
			);
			path = AgasaTests;
			sourceTree = "<group>";
		};
		15497D21254D5E990069DB98 /* AgasaUITests */ = {
			isa = PBXGroup;
			children = (
				15497D22254D5E990069DB98 /* AgasaUITests.swift */,
				15497D24254D5E990069DB98 /* Info.plist */,
			);
			path = AgasaUITests;
			sourceTree = "<group>";
		};
		15AED642AD039AE07773ADC3 /* Pods */ = {
			isa = PBXGroup;
			children = (
				1364AA97385082A0391702AF /* Pods-Agasa.debug.xcconfig */,
				16FE595A5E36DD3C395F47A0 /* Pods-Agasa.release.xcconfig */,
				9BD9C7A8BAB1A7E67DBE744E /* Pods-Agasa-AgasaUITests.debug.xcconfig */,
				4DDB110DD46FACA18F1B85C3 /* Pods-Agasa-AgasaUITests.release.xcconfig */,
				B6EC77F96D069FCBC0CE20CA /* Pods-AgasaTests.debug.xcconfig */,
				113DA882F6418966C00F2F5A /* Pods-AgasaTests.release.xcconfig */,
			);
			name = Pods;
			path = Pods;
			sourceTree = "<group>";
		};
		C339A244ECA3D00149673BA0 /* Frameworks */ = {
			isa = PBXGroup;
			children = (
				8FF2C7D06B4048941B2AD7CE /* Pods_Agasa.framework */,
				9E362AECBBF204EBE7E8B795 /* Pods_Agasa_AgasaUITests.framework */,
				69B58FF8BF58EFD88DAE7A66 /* Pods_AgasaTests.framework */,
			);
			name = Frameworks;
			sourceTree = "<group>";
		};
/* End PBXGroup section */

/* Begin PBXNativeTarget section */
		15497D01254D5E980069DB98 /* Agasa */ = {
			isa = PBXNativeTarget;
			buildConfigurationList = 15497D27254D5E990069DB98 /* Build configuration list for PBXNativeTarget "Agasa" */;
			buildPhases = (
				ECE9ACD5EF0615DFF54EAF83 /* [CP] Check Pods Manifest.lock */,
				15497CFE254D5E980069DB98 /* Sources */,
				15497CFF254D5E980069DB98 /* Frameworks */,
				15497D00254D5E980069DB98 /* Resources */,
				66B231ABC854187D87D150FB /* [CP] Embed Pods Frameworks */,
			);
			buildRules = (
			);
			dependencies = (
			);
			name = Agasa;
			productName = Agasa;
			productReference = 15497D02254D5E980069DB98 /* Agasa.app */;
			productType = "com.apple.product-type.application";
		};
		15497D12254D5E990069DB98 /* AgasaTests */ = {
			isa = PBXNativeTarget;
			buildConfigurationList = 15497D2A254D5E990069DB98 /* Build configuration list for PBXNativeTarget "AgasaTests" */;
			buildPhases = (
				F571A91944D9D827F3F6E16F /* [CP] Check Pods Manifest.lock */,
				15497D0F254D5E990069DB98 /* Sources */,
				15497D10254D5E990069DB98 /* Frameworks */,
				15497D11254D5E990069DB98 /* Resources */,
			);
			buildRules = (
			);
			dependencies = (
				15497D15254D5E990069DB98 /* PBXTargetDependency */,
			);
			name = AgasaTests;
			productName = AgasaTests;
			productReference = 15497D13254D5E990069DB98 /* AgasaTests.xctest */;
			productType = "com.apple.product-type.bundle.unit-test";
		};
		15497D1D254D5E990069DB98 /* AgasaUITests */ = {
			isa = PBXNativeTarget;
			buildConfigurationList = 15497D2D254D5E990069DB98 /* Build configuration list for PBXNativeTarget "AgasaUITests" */;
			buildPhases = (
				CA7C5B0FF85E70A0A09FF633 /* [CP] Check Pods Manifest.lock */,
				15497D1A254D5E990069DB98 /* Sources */,
				15497D1B254D5E990069DB98 /* Frameworks */,
				15497D1C254D5E990069DB98 /* Resources */,
				135EEC3A7BB57CB716CF718F /* [CP] Embed Pods Frameworks */,
			);
			buildRules = (
			);
			dependencies = (
				15497D20254D5E990069DB98 /* PBXTargetDependency */,
			);
			name = AgasaUITests;
			productName = AgasaUITests;
			productReference = 15497D1E254D5E990069DB98 /* AgasaUITests.xctest */;
			productType = "com.apple.product-type.bundle.ui-testing";
		};
/* End PBXNativeTarget section */

/* Begin PBXProject section */
		15497CFA254D5E980069DB98 /* Project object */ = {
			isa = PBXProject;
			attributes = {
				LastSwiftUpdateCheck = 1200;
				LastUpgradeCheck = 1200;
				TargetAttributes = {
					15497D01254D5E980069DB98 = {
						CreatedOnToolsVersion = 12.0.1;
					};
					15497D12254D5E990069DB98 = {
						CreatedOnToolsVersion = 12.0.1;
						TestTargetID = 15497D01254D5E980069DB98;
					};
					15497D1D254D5E990069DB98 = {
						CreatedOnToolsVersion = 12.0.1;
						TestTargetID = 15497D01254D5E980069DB98;
					};
				};
			};
			buildConfigurationList = 15497CFD254D5E980069DB98 /* Build configuration list for PBXProject "Agasa" */;
			compatibilityVersion = "Xcode 9.3";
			developmentRegion = en;
			hasScannedForEncodings = 0;
			knownRegions = (
				en,
				Base,
			);
			mainGroup = 15497CF9254D5E980069DB98;
			productRefGroup = 15497D03254D5E980069DB98 /* Products */;
			projectDirPath = "";
			projectRoot = "";
			targets = (
				15497D01254D5E980069DB98 /* Agasa */,
				15497D12254D5E990069DB98 /* AgasaTests */,
				15497D1D254D5E990069DB98 /* AgasaUITests */,
			);
		};
/* End PBXProject section */

/* Begin PBXResourcesBuildPhase section */
		15497D00254D5E980069DB98 /* Resources */ = {
			isa = PBXResourcesBuildPhase;
			buildActionMask = 2147483647;
			files = (
				15497D0D254D5E990069DB98 /* Preview Assets.xcassets in Resources */,
				15497D0A254D5E990069DB98 /* Assets.xcassets in Resources */,
			);
			runOnlyForDeploymentPostprocessing = 0;
		};
		15497D11254D5E990069DB98 /* Resources */ = {
			isa = PBXResourcesBuildPhase;
			buildActionMask = 2147483647;
			files = (
			);
			runOnlyForDeploymentPostprocessing = 0;
		};
		15497D1C254D5E990069DB98 /* Resources */ = {
			isa = PBXResourcesBuildPhase;
			buildActionMask = 2147483647;
			files = (
			);
			runOnlyForDeploymentPostprocessing = 0;
		};
/* End PBXResourcesBuildPhase section */

/* Begin PBXShellScriptBuildPhase section */
		135EEC3A7BB57CB716CF718F /* [CP] Embed Pods Frameworks */ = {
			isa = PBXShellScriptBuildPhase;
			buildActionMask = 2147483647;
			files = (
			);
			inputFileListPaths = (
				"${PODS_ROOT}/Target Support Files/Pods-Agasa-AgasaUITests/Pods-Agasa-AgasaUITests-frameworks-${CONFIGURATION}-input-files.xcfilelist",
			);
			name = "[CP] Embed Pods Frameworks";
			outputFileListPaths = (
				"${PODS_ROOT}/Target Support Files/Pods-Agasa-AgasaUITests/Pods-Agasa-AgasaUITests-frameworks-${CONFIGURATION}-output-files.xcfilelist",
			);
			runOnlyForDeploymentPostprocessing = 0;
			shellPath = /bin/sh;
			shellScript = "\"${PODS_ROOT}/Target Support Files/Pods-Agasa-AgasaUITests/Pods-Agasa-AgasaUITests-frameworks.sh\"\n";
			showEnvVarsInLog = 0;
		};
		66B231ABC854187D87D150FB /* [CP] Embed Pods Frameworks */ = {
			isa = PBXShellScriptBuildPhase;
			buildActionMask = 2147483647;
			files = (
			);
			inputFileListPaths = (
				"${PODS_ROOT}/Target Support Files/Pods-Agasa/Pods-Agasa-frameworks-${CONFIGURATION}-input-files.xcfilelist",
			);
			name = "[CP] Embed Pods Frameworks";
			outputFileListPaths = (
				"${PODS_ROOT}/Target Support Files/Pods-Agasa/Pods-Agasa-frameworks-${CONFIGURATION}-output-files.xcfilelist",
			);
			runOnlyForDeploymentPostprocessing = 0;
			shellPath = /bin/sh;
			shellScript = "\"${PODS_ROOT}/Target Support Files/Pods-Agasa/Pods-Agasa-frameworks.sh\"\n";
			showEnvVarsInLog = 0;
		};
		CA7C5B0FF85E70A0A09FF633 /* [CP] Check Pods Manifest.lock */ = {
			isa = PBXShellScriptBuildPhase;
			buildActionMask = 2147483647;
			files = (
			);
			inputFileListPaths = (
			);
			inputPaths = (
				"${PODS_PODFILE_DIR_PATH}/Podfile.lock",
				"${PODS_ROOT}/Manifest.lock",
			);
			name = "[CP] Check Pods Manifest.lock";
			outputFileListPaths = (
			);
			outputPaths = (
				"$(DERIVED_FILE_DIR)/Pods-Agasa-AgasaUITests-checkManifestLockResult.txt",
			);
			runOnlyForDeploymentPostprocessing = 0;
			shellPath = /bin/sh;
			shellScript = "diff \"${PODS_PODFILE_DIR_PATH}/Podfile.lock\" \"${PODS_ROOT}/Manifest.lock\" > /dev/null\nif [ $? != 0 ] ; then\n    # print error to STDERR\n    echo \"error: The sandbox is not in sync with the Podfile.lock. Run 'pod install' or update your CocoaPods installation.\" >&2\n    exit 1\nfi\n# This output is used by Xcode 'outputs' to avoid re-running this script phase.\necho \"SUCCESS\" > \"${SCRIPT_OUTPUT_FILE_0}\"\n";
			showEnvVarsInLog = 0;
		};
		ECE9ACD5EF0615DFF54EAF83 /* [CP] Check Pods Manifest.lock */ = {
			isa = PBXShellScriptBuildPhase;
			buildActionMask = 2147483647;
			files = (
			);
			inputFileListPaths = (
			);
			inputPaths = (
				"${PODS_PODFILE_DIR_PATH}/Podfile.lock",
				"${PODS_ROOT}/Manifest.lock",
			);
			name = "[CP] Check Pods Manifest.lock";
			outputFileListPaths = (
			);
			outputPaths = (
				"$(DERIVED_FILE_DIR)/Pods-Agasa-checkManifestLockResult.txt",
			);
			runOnlyForDeploymentPostprocessing = 0;
			shellPath = /bin/sh;
			shellScript = "diff \"${PODS_PODFILE_DIR_PATH}/Podfile.lock\" \"${PODS_ROOT}/Manifest.lock\" > /dev/null\nif [ $? != 0 ] ; then\n    # print error to STDERR\n    echo \"error: The sandbox is not in sync with the Podfile.lock. Run 'pod install' or update your CocoaPods installation.\" >&2\n    exit 1\nfi\n# This output is used by Xcode 'outputs' to avoid re-running this script phase.\necho \"SUCCESS\" > \"${SCRIPT_OUTPUT_FILE_0}\"\n";
			showEnvVarsInLog = 0;
		};
		F571A91944D9D827F3F6E16F /* [CP] Check Pods Manifest.lock */ = {
			isa = PBXShellScriptBuildPhase;
			buildActionMask = 2147483647;
			files = (
			);
			inputFileListPaths = (
			);
			inputPaths = (
				"${PODS_PODFILE_DIR_PATH}/Podfile.lock",
				"${PODS_ROOT}/Manifest.lock",
			);
			name = "[CP] Check Pods Manifest.lock";
			outputFileListPaths = (
			);
			outputPaths = (
				"$(DERIVED_FILE_DIR)/Pods-AgasaTests-checkManifestLockResult.txt",
			);
			runOnlyForDeploymentPostprocessing = 0;
			shellPath = /bin/sh;
			shellScript = "diff \"${PODS_PODFILE_DIR_PATH}/Podfile.lock\" \"${PODS_ROOT}/Manifest.lock\" > /dev/null\nif [ $? != 0 ] ; then\n    # print error to STDERR\n    echo \"error: The sandbox is not in sync with the Podfile.lock. Run 'pod install' or update your CocoaPods installation.\" >&2\n    exit 1\nfi\n# This output is used by Xcode 'outputs' to avoid re-running this script phase.\necho \"SUCCESS\" > \"${SCRIPT_OUTPUT_FILE_0}\"\n";
			showEnvVarsInLog = 0;
		};
/* End PBXShellScriptBuildPhase section */

/* Begin PBXSourcesBuildPhase section */
		15497CFE254D5E980069DB98 /* Sources */ = {
			isa = PBXSourcesBuildPhase;
			buildActionMask = 2147483647;
			files = (
				15497D08254D5E980069DB98 /* ContentView.swift in Sources */,
				15553BB9254D6012000BE642 /* MapView.swift in Sources */,
				15497D06254D5E980069DB98 /* AgasaApp.swift in Sources */,
			);
			runOnlyForDeploymentPostprocessing = 0;
		};
		15497D0F254D5E990069DB98 /* Sources */ = {
			isa = PBXSourcesBuildPhase;
			buildActionMask = 2147483647;
			files = (
				15497D18254D5E990069DB98 /* AgasaTests.swift in Sources */,
			);
			runOnlyForDeploymentPostprocessing = 0;
		};
		15497D1A254D5E990069DB98 /* Sources */ = {
			isa = PBXSourcesBuildPhase;
			buildActionMask = 2147483647;
			files = (
				15497D23254D5E990069DB98 /* AgasaUITests.swift in Sources */,
			);
			runOnlyForDeploymentPostprocessing = 0;
		};
/* End PBXSourcesBuildPhase section */

/* Begin PBXTargetDependency section */
		15497D15254D5E990069DB98 /* PBXTargetDependency */ = {
			isa = PBXTargetDependency;
			target = 15497D01254D5E980069DB98 /* Agasa */;
			targetProxy = 15497D14254D5E990069DB98 /* PBXContainerItemProxy */;
		};
		15497D20254D5E990069DB98 /* PBXTargetDependency */ = {
			isa = PBXTargetDependency;
			target = 15497D01254D5E980069DB98 /* Agasa */;
			targetProxy = 15497D1F254D5E990069DB98 /* PBXContainerItemProxy */;
		};
/* End PBXTargetDependency section */

/* Begin XCBuildConfiguration section */
		15497D25254D5E990069DB98 /* Debug */ = {
			isa = XCBuildConfiguration;
			buildSettings = {
				ALWAYS_SEARCH_USER_PATHS = NO;
				CLANG_ANALYZER_NONNULL = YES;
				CLANG_ANALYZER_NUMBER_OBJECT_CONVERSION = YES_AGGRESSIVE;
				CLANG_CXX_LANGUAGE_STANDARD = "gnu++14";
				CLANG_CXX_LIBRARY = "libc++";
				CLANG_ENABLE_MODULES = YES;
				CLANG_ENABLE_OBJC_ARC = YES;
				CLANG_ENABLE_OBJC_WEAK = YES;
				CLANG_WARN_BLOCK_CAPTURE_AUTORELEASING = YES;
				CLANG_WARN_BOOL_CONVERSION = YES;
				CLANG_WARN_COMMA = YES;
				CLANG_WARN_CONSTANT_CONVERSION = YES;
				CLANG_WARN_DEPRECATED_OBJC_IMPLEMENTATIONS = YES;
				CLANG_WARN_DIRECT_OBJC_ISA_USAGE = YES_ERROR;
				CLANG_WARN_DOCUMENTATION_COMMENTS = YES;
				CLANG_WARN_EMPTY_BODY = YES;
				CLANG_WARN_ENUM_CONVERSION = YES;
				CLANG_WARN_INFINITE_RECURSION = YES;
				CLANG_WARN_INT_CONVERSION = YES;
				CLANG_WARN_NON_LITERAL_NULL_CONVERSION = YES;
				CLANG_WARN_OBJC_IMPLICIT_RETAIN_SELF = YES;
				CLANG_WARN_OBJC_LITERAL_CONVERSION = YES;
				CLANG_WARN_OBJC_ROOT_CLASS = YES_ERROR;
				CLANG_WARN_QUOTED_INCLUDE_IN_FRAMEWORK_HEADER = YES;
				CLANG_WARN_RANGE_LOOP_ANALYSIS = YES;
				CLANG_WARN_STRICT_PROTOTYPES = YES;
				CLANG_WARN_SUSPICIOUS_MOVE = YES;
				CLANG_WARN_UNGUARDED_AVAILABILITY = YES_AGGRESSIVE;
				CLANG_WARN_UNREACHABLE_CODE = YES;
				CLANG_WARN__DUPLICATE_METHOD_MATCH = YES;
				COPY_PHASE_STRIP = NO;
				DEBUG_INFORMATION_FORMAT = dwarf;
				ENABLE_STRICT_OBJC_MSGSEND = YES;
				ENABLE_TESTABILITY = YES;
				GCC_C_LANGUAGE_STANDARD = gnu11;
				GCC_DYNAMIC_NO_PIC = NO;
				GCC_NO_COMMON_BLOCKS = YES;
				GCC_OPTIMIZATION_LEVEL = 0;
				GCC_PREPROCESSOR_DEFINITIONS = (
					"DEBUG=1",
					"$(inherited)",
				);
				GCC_WARN_64_TO_32_BIT_CONVERSION = YES;
				GCC_WARN_ABOUT_RETURN_TYPE = YES_ERROR;
				GCC_WARN_UNDECLARED_SELECTOR = YES;
				GCC_WARN_UNINITIALIZED_AUTOS = YES_AGGRESSIVE;
				GCC_WARN_UNUSED_FUNCTION = YES;
				GCC_WARN_UNUSED_VARIABLE = YES;
				IPHONEOS_DEPLOYMENT_TARGET = 14.0;
				MTL_ENABLE_DEBUG_INFO = INCLUDE_SOURCE;
				MTL_FAST_MATH = YES;
				ONLY_ACTIVE_ARCH = YES;
				SDKROOT = iphoneos;
				SWIFT_ACTIVE_COMPILATION_CONDITIONS = DEBUG;
				SWIFT_OPTIMIZATION_LEVEL = "-Onone";
			};
			name = Debug;
		};
		15497D26254D5E990069DB98 /* Release */ = {
			isa = XCBuildConfiguration;
			buildSettings = {
				ALWAYS_SEARCH_USER_PATHS = NO;
				CLANG_ANALYZER_NONNULL = YES;
				CLANG_ANALYZER_NUMBER_OBJECT_CONVERSION = YES_AGGRESSIVE;
				CLANG_CXX_LANGUAGE_STANDARD = "gnu++14";
				CLANG_CXX_LIBRARY = "libc++";
				CLANG_ENABLE_MODULES = YES;
				CLANG_ENABLE_OBJC_ARC = YES;
				CLANG_ENABLE_OBJC_WEAK = YES;
				CLANG_WARN_BLOCK_CAPTURE_AUTORELEASING = YES;
				CLANG_WARN_BOOL_CONVERSION = YES;
				CLANG_WARN_COMMA = YES;
				CLANG_WARN_CONSTANT_CONVERSION = YES;
				CLANG_WARN_DEPRECATED_OBJC_IMPLEMENTATIONS = YES;
				CLANG_WARN_DIRECT_OBJC_ISA_USAGE = YES_ERROR;
				CLANG_WARN_DOCUMENTATION_COMMENTS = YES;
				CLANG_WARN_EMPTY_BODY = YES;
				CLANG_WARN_ENUM_CONVERSION = YES;
				CLANG_WARN_INFINITE_RECURSION = YES;
				CLANG_WARN_INT_CONVERSION = YES;
				CLANG_WARN_NON_LITERAL_NULL_CONVERSION = YES;
				CLANG_WARN_OBJC_IMPLICIT_RETAIN_SELF = YES;
				CLANG_WARN_OBJC_LITERAL_CONVERSION = YES;
				CLANG_WARN_OBJC_ROOT_CLASS = YES_ERROR;
				CLANG_WARN_QUOTED_INCLUDE_IN_FRAMEWORK_HEADER = YES;
				CLANG_WARN_RANGE_LOOP_ANALYSIS = YES;
				CLANG_WARN_STRICT_PROTOTYPES = YES;
				CLANG_WARN_SUSPICIOUS_MOVE = YES;
				CLANG_WARN_UNGUARDED_AVAILABILITY = YES_AGGRESSIVE;
				CLANG_WARN_UNREACHABLE_CODE = YES;
				CLANG_WARN__DUPLICATE_METHOD_MATCH = YES;
				COPY_PHASE_STRIP = NO;
				DEBUG_INFORMATION_FORMAT = "dwarf-with-dsym";
				ENABLE_NS_ASSERTIONS = NO;
				ENABLE_STRICT_OBJC_MSGSEND = YES;
				GCC_C_LANGUAGE_STANDARD = gnu11;
				GCC_NO_COMMON_BLOCKS = YES;
				GCC_WARN_64_TO_32_BIT_CONVERSION = YES;
				GCC_WARN_ABOUT_RETURN_TYPE = YES_ERROR;
				GCC_WARN_UNDECLARED_SELECTOR = YES;
				GCC_WARN_UNINITIALIZED_AUTOS = YES_AGGRESSIVE;
				GCC_WARN_UNUSED_FUNCTION = YES;
				GCC_WARN_UNUSED_VARIABLE = YES;
				IPHONEOS_DEPLOYMENT_TARGET = 14.0;
				MTL_ENABLE_DEBUG_INFO = NO;
				MTL_FAST_MATH = YES;
				SDKROOT = iphoneos;
				SWIFT_COMPILATION_MODE = wholemodule;
				SWIFT_OPTIMIZATION_LEVEL = "-O";
				VALIDATE_PRODUCT = YES;
			};
			name = Release;
		};
		15497D28254D5E990069DB98 /* Debug */ = {
			isa = XCBuildConfiguration;
			baseConfigurationReference = 1364AA97385082A0391702AF /* Pods-Agasa.debug.xcconfig */;
			buildSettings = {
				ASSETCATALOG_COMPILER_APPICON_NAME = AppIcon;
				ASSETCATALOG_COMPILER_GLOBAL_ACCENT_COLOR_NAME = AccentColor;
				CODE_SIGN_STYLE = Automatic;
				DEVELOPMENT_ASSET_PATHS = "\"Agasa/Preview Content\"";
				DEVELOPMENT_TEAM = HX3SV359MU;
				ENABLE_PREVIEWS = YES;
				INFOPLIST_FILE = Agasa/Info.plist;
				IPHONEOS_DEPLOYMENT_TARGET = 14.0;
				LD_RUNPATH_SEARCH_PATHS = (
					"$(inherited)",
					"@executable_path/Frameworks",
				);
				MARKETING_VERSION = 0.0.1;
				PRODUCT_BUNDLE_IDENTIFIER = com.yoshiatsu.irei.Awamori;
				PRODUCT_NAME = "$(TARGET_NAME)";
				SWIFT_VERSION = 5.0;
				TARGETED_DEVICE_FAMILY = "1,2";
			};
			name = Debug;
		};
		15497D29254D5E990069DB98 /* Release */ = {
			isa = XCBuildConfiguration;
			baseConfigurationReference = 16FE595A5E36DD3C395F47A0 /* Pods-Agasa.release.xcconfig */;
			buildSettings = {
				ASSETCATALOG_COMPILER_APPICON_NAME = AppIcon;
				ASSETCATALOG_COMPILER_GLOBAL_ACCENT_COLOR_NAME = AccentColor;
				CODE_SIGN_STYLE = Automatic;
				DEVELOPMENT_ASSET_PATHS = "\"Agasa/Preview Content\"";
				DEVELOPMENT_TEAM = HX3SV359MU;
				ENABLE_PREVIEWS = YES;
				INFOPLIST_FILE = Agasa/Info.plist;
				IPHONEOS_DEPLOYMENT_TARGET = 14.0;
				LD_RUNPATH_SEARCH_PATHS = (
					"$(inherited)",
					"@executable_path/Frameworks",
				);
				MARKETING_VERSION = 0.0.1;
				PRODUCT_BUNDLE_IDENTIFIER = com.yoshiatsu.irei.Awamori;
				PRODUCT_NAME = "$(TARGET_NAME)";
				SWIFT_VERSION = 5.0;
				TARGETED_DEVICE_FAMILY = "1,2";
			};
			name = Release;
		};
		15497D2B254D5E990069DB98 /* Debug */ = {
			isa = XCBuildConfiguration;
			baseConfigurationReference = B6EC77F96D069FCBC0CE20CA /* Pods-AgasaTests.debug.xcconfig */;
			buildSettings = {
				ALWAYS_EMBED_SWIFT_STANDARD_LIBRARIES = YES;
				BUNDLE_LOADER = "$(TEST_HOST)";
				CODE_SIGN_STYLE = Automatic;
				DEVELOPMENT_TEAM = HX3SV359MU;
				INFOPLIST_FILE = AgasaTests/Info.plist;
				IPHONEOS_DEPLOYMENT_TARGET = 14.0;
				LD_RUNPATH_SEARCH_PATHS = (
					"$(inherited)",
					"@executable_path/Frameworks",
					"@loader_path/Frameworks",
				);
				PRODUCT_BUNDLE_IDENTIFIER = com.yoshiatsu.irei.AgasaTests;
				PRODUCT_NAME = "$(TARGET_NAME)";
				SWIFT_VERSION = 5.0;
				TARGETED_DEVICE_FAMILY = "1,2";
				TEST_HOST = "$(BUILT_PRODUCTS_DIR)/Agasa.app/Agasa";
			};
			name = Debug;
		};
		15497D2C254D5E990069DB98 /* Release */ = {
			isa = XCBuildConfiguration;
			baseConfigurationReference = 113DA882F6418966C00F2F5A /* Pods-AgasaTests.release.xcconfig */;
			buildSettings = {
				ALWAYS_EMBED_SWIFT_STANDARD_LIBRARIES = YES;
				BUNDLE_LOADER = "$(TEST_HOST)";
				CODE_SIGN_STYLE = Automatic;
				DEVELOPMENT_TEAM = HX3SV359MU;
				INFOPLIST_FILE = AgasaTests/Info.plist;
				IPHONEOS_DEPLOYMENT_TARGET = 14.0;
				LD_RUNPATH_SEARCH_PATHS = (
					"$(inherited)",
					"@executable_path/Frameworks",
					"@loader_path/Frameworks",
				);
				PRODUCT_BUNDLE_IDENTIFIER = com.yoshiatsu.irei.AgasaTests;
				PRODUCT_NAME = "$(TARGET_NAME)";
				SWIFT_VERSION = 5.0;
				TARGETED_DEVICE_FAMILY = "1,2";
				TEST_HOST = "$(BUILT_PRODUCTS_DIR)/Agasa.app/Agasa";
			};
			name = Release;
		};
		15497D2E254D5E990069DB98 /* Debug */ = {
			isa = XCBuildConfiguration;
			baseConfigurationReference = 9BD9C7A8BAB1A7E67DBE744E /* Pods-Agasa-AgasaUITests.debug.xcconfig */;
			buildSettings = {
				ALWAYS_EMBED_SWIFT_STANDARD_LIBRARIES = YES;
				CODE_SIGN_STYLE = Automatic;
				DEVELOPMENT_TEAM = HX3SV359MU;
				INFOPLIST_FILE = AgasaUITests/Info.plist;
				LD_RUNPATH_SEARCH_PATHS = (
					"$(inherited)",
					"@executable_path/Frameworks",
					"@loader_path/Frameworks",
				);
				PRODUCT_BUNDLE_IDENTIFIER = com.yoshiatsu.irei.AgasaUITests;
				PRODUCT_NAME = "$(TARGET_NAME)";
				SWIFT_VERSION = 5.0;
				TARGETED_DEVICE_FAMILY = "1,2";
				TEST_TARGET_NAME = Agasa;
			};
			name = Debug;
		};
		15497D2F254D5E990069DB98 /* Release */ = {
			isa = XCBuildConfiguration;
			baseConfigurationReference = 4DDB110DD46FACA18F1B85C3 /* Pods-Agasa-AgasaUITests.release.xcconfig */;
			buildSettings = {
				ALWAYS_EMBED_SWIFT_STANDARD_LIBRARIES = YES;
				CODE_SIGN_STYLE = Automatic;
				DEVELOPMENT_TEAM = HX3SV359MU;
				INFOPLIST_FILE = AgasaUITests/Info.plist;
				LD_RUNPATH_SEARCH_PATHS = (
					"$(inherited)",
					"@executable_path/Frameworks",
					"@loader_path/Frameworks",
				);
				PRODUCT_BUNDLE_IDENTIFIER = com.yoshiatsu.irei.AgasaUITests;
				PRODUCT_NAME = "$(TARGET_NAME)";
				SWIFT_VERSION = 5.0;
				TARGETED_DEVICE_FAMILY = "1,2";
				TEST_TARGET_NAME = Agasa;
			};
			name = Release;
		};
/* End XCBuildConfiguration section */

/* Begin XCConfigurationList section */
		15497CFD254D5E980069DB98 /* Build configuration list for PBXProject "Agasa" */ = {
			isa = XCConfigurationList;
			buildConfigurations = (
				15497D25254D5E990069DB98 /* Debug */,
				15497D26254D5E990069DB98 /* Release */,
			);
			defaultConfigurationIsVisible = 0;
			defaultConfigurationName = Release;
		};
		15497D27254D5E990069DB98 /* Build configuration list for PBXNativeTarget "Agasa" */ = {
			isa = XCConfigurationList;
			buildConfigurations = (
				15497D28254D5E990069DB98 /* Debug */,
				15497D29254D5E990069DB98 /* Release */,
			);
			defaultConfigurationIsVisible = 0;
			defaultConfigurationName = Release;
		};
		15497D2A254D5E990069DB98 /* Build configuration list for PBXNativeTarget "AgasaTests" */ = {
			isa = XCConfigurationList;
			buildConfigurations = (
				15497D2B254D5E990069DB98 /* Debug */,
				15497D2C254D5E990069DB98 /* Release */,
			);
			defaultConfigurationIsVisible = 0;
			defaultConfigurationName = Release;
		};
		15497D2D254D5E990069DB98 /* Build configuration list for PBXNativeTarget "AgasaUITests" */ = {
			isa = XCConfigurationList;
			buildConfigurations = (
				15497D2E254D5E990069DB98 /* Debug */,
				15497D2F254D5E990069DB98 /* Release */,
			);
			defaultConfigurationIsVisible = 0;
			defaultConfigurationName = Release;
		};
/* End XCConfigurationList section */
	};
	rootObject = 15497CFA254D5E980069DB98 /* Project object */;
}
